{
  "requires": true,
  "lockfileVersion": 1,
  "dependencies": {
    "@types/prettier": {
      "version": "file:node_modules/.pnpm/@types+prettier@2.7.2/node_modules/@types/prettier"
    },
    "prettier": {
      "version": "file:node_modules/.pnpm/prettier@2.8.7/node_modules/prettier"
    }
  }
}
